
Microsoft Visual Studio Solution File, Format Version 12.00
# Visual Studio Version 16
VisualStudioVersion = 16.0.30523.141
MinimumVisualStudioVersion = 10.0.40219.1
Project("{9A19103F-16F7-4668-BE54-9A1E7A4F7556}") = "MessageApp", "MessageApp\MessageApp.csproj", "{0F565F84-9C97-434B-9BDF-7FF52FFF9E49}"
EndProject
Project("{9A19103F-16F7-4668-BE54-9A1E7A4F7556}") = "MessageAppGUI", "MessageAppGUI\MessageAppGUI.csproj", "{D1F4ACB1-6B08-4895-AE0F-E09412A8EE3D}"
EndProject
Project("{9A19103F-16F7-4668-BE54-9A1E7A4F7556}") = "Tests", "Tests\Tests.csproj", "{639FDD38-E5D3-4C60-9E9F-0756D81019EA}"
EndProject
Project("{FAE04EC0-301F-11D3-BF4B-00C04F79EFBC}") = "UnitTests", "UnitTests\UnitTests.csproj", "{2EA44507-173E-4111-B8E7-DEA1979551EB}"
EndProject
Global
	GlobalSection(SolutionConfigurationPlatforms) = preSolution
		Debug|Any CPU = Debug|Any CPU
		Release|Any CPU = Release|Any CPU
	EndGlobalSection
	GlobalSection(ProjectConfigurationPlatforms) = postSolution
		{0F565F84-9C97-434B-9BDF-7FF52FFF9E49}.Debug|Any CPU.ActiveCfg = Debug|Any CPU
		{0F565F84-9C97-434B-9BDF-7FF52FFF9E49}.Debug|Any CPU.Build.0 = Debug|Any CPU
		{0F565F84-9C97-434B-9BDF-7FF52FFF9E49}.Release|Any CPU.ActiveCfg = Release|Any CPU
		{0F565F84-9C97-434B-9BDF-7FF52FFF9E49}.Release|Any CPU.Build.0 = Release|Any CPU
		{D1F4ACB1-6B08-4895-AE0F-E09412A8EE3D}.Debug|Any CPU.ActiveCfg = Debug|Any CPU
		{D1F4ACB1-6B08-4895-AE0F-E09412A8EE3D}.Debug|Any CPU.Build.0 = Debug|Any CPU
		{D1F4ACB1-6B08-4895-AE0F-E09412A8EE3D}.Release|Any CPU.ActiveCfg = Release|Any CPU
		{D1F4ACB1-6B08-4895-AE0F-E09412A8EE3D}.Release|Any CPU.Build.0 = Release|Any CPU
		{639FDD38-E5D3-4C60-9E9F-0756D81019EA}.Debug|Any CPU.ActiveCfg = Debug|Any CPU
		{639FDD38-E5D3-4C60-9E9F-0756D81019EA}.Debug|Any CPU.Build.0 = Debug|Any CPU
		{639FDD38-E5D3-4C60-9E9F-0756D81019EA}.Release|Any CPU.ActiveCfg = Release|Any CPU
		{639FDD38-E5D3-4C60-9E9F-0756D81019EA}.Release|Any CPU.Build.0 = Release|Any CPU
		{2EA44507-173E-4111-B8E7-DEA1979551EB}.Debug|Any CPU.ActiveCfg = Debug|Any CPU
		{2EA44507-173E-4111-B8E7-DEA1979551EB}.Debug|Any CPU.Build.0 = Debug|Any CPU
		{2EA44507-173E-4111-B8E7-DEA1979551EB}.Release|Any CPU.ActiveCfg = Release|Any CPU
		{2EA44507-173E-4111-B8E7-DEA1979551EB}.Release|Any CPU.Build.0 = Release|Any CPU
	EndGlobalSection
	GlobalSection(SolutionProperties) = preSolution
		HideSolutionNode = FALSE
	EndGlobalSection
	GlobalSection(ExtensibilityGlobals) = postSolution
		SolutionGuid = {193717D9-7574-41A2-B3FD-0D01354A9B0E}
	EndGlobalSection
EndGlobal
